// !$*UTF8*$!
{
	archiveVersion = 1;
	classes = {
	};
	objectVersion = 56;
	objects = {

/* Begin PBXBuildFile section */
		7D52BF362B1D3FA500D72761 /* Logger+Ext.swift in Sources */ = {isa = PBXBuildFile; fileRef = 7D52BF352B1D3FA500D72761 /* Logger+Ext.swift */; };
		7D5E48362B02784A009B5FB1 /* TDD_AppApp.swift in Sources */ = {isa = PBXBuildFile; fileRef = 7D5E48352B02784A009B5FB1 /* TDD_AppApp.swift */; };
		7D5E48382B02784A009B5FB1 /* ContentView.swift in Sources */ = {isa = PBXBuildFile; fileRef = 7D5E48372B02784A009B5FB1 /* ContentView.swift */; };
		7D5E483A2B02784B009B5FB1 /* Assets.xcassets in Resources */ = {isa = PBXBuildFile; fileRef = 7D5E48392B02784B009B5FB1 /* Assets.xcassets */; };
		7D5E483D2B02784B009B5FB1 /* Preview Assets.xcassets in Resources */ = {isa = PBXBuildFile; fileRef = 7D5E483C2B02784B009B5FB1 /* Preview Assets.xcassets */; };
		7D5E48472B02784C009B5FB1 /* TDD_AppTests.swift in Sources */ = {isa = PBXBuildFile; fileRef = 7D5E48462B02784C009B5FB1 /* TDD_AppTests.swift */; };
		7D5E48512B02784C009B5FB1 /* TDD_AppUITests.swift in Sources */ = {isa = PBXBuildFile; fileRef = 7D5E48502B02784C009B5FB1 /* TDD_AppUITests.swift */; };
		7D5E48532B02784C009B5FB1 /* TDD_AppUITestsLaunchTests.swift in Sources */ = {isa = PBXBuildFile; fileRef = 7D5E48522B02784C009B5FB1 /* TDD_AppUITestsLaunchTests.swift */; };
		7D5E48612B0278CE009B5FB1 /* NetworkingService.swift in Sources */ = {isa = PBXBuildFile; fileRef = 7D5E48602B0278CE009B5FB1 /* NetworkingService.swift */; };
		7D5E48622B0278CE009B5FB1 /* NetworkingService.swift in Sources */ = {isa = PBXBuildFile; fileRef = 7D5E48602B0278CE009B5FB1 /* NetworkingService.swift */; };
		7D5E48642B0278E4009B5FB1 /* RouterService.swift in Sources */ = {isa = PBXBuildFile; fileRef = 7D5E48632B0278E4009B5FB1 /* RouterService.swift */; };
		7D5E48652B0278E4009B5FB1 /* RouterService.swift in Sources */ = {isa = PBXBuildFile; fileRef = 7D5E48632B0278E4009B5FB1 /* RouterService.swift */; };
		7D5E48672B027BC0009B5FB1 /* APIService.swift in Sources */ = {isa = PBXBuildFile; fileRef = 7D5E48662B027BC0009B5FB1 /* APIService.swift */; };
		7D5E48682B027BC0009B5FB1 /* APIService.swift in Sources */ = {isa = PBXBuildFile; fileRef = 7D5E48662B027BC0009B5FB1 /* APIService.swift */; };
		7DA4250A2B0A815F00BD70A1 /* DetailsView.swift in Sources */ = {isa = PBXBuildFile; fileRef = 7DA425092B0A815F00BD70A1 /* DetailsView.swift */; };
		7DC64E702B197C6200B95B87 /* InfoItem.swift in Sources */ = {isa = PBXBuildFile; fileRef = 7DC64E6F2B197C6200B95B87 /* InfoItem.swift */; };
		7DC64E732B197D2A00B95B87 /* Color+Ext.swift in Sources */ = {isa = PBXBuildFile; fileRef = 7DC64E722B197D2A00B95B87 /* Color+Ext.swift */; };
		7DC64E752B1984E500B95B87 /* DetailsViewModel.swift in Sources */ = {isa = PBXBuildFile; fileRef = 7DC64E742B1984E500B95B87 /* DetailsViewModel.swift */; };
		7DC64E762B1984E500B95B87 /* DetailsViewModel.swift in Sources */ = {isa = PBXBuildFile; fileRef = 7DC64E742B1984E500B95B87 /* DetailsViewModel.swift */; };
		7DD784DD2B26187900D19CFB /* images-sample.json in Resources */ = {isa = PBXBuildFile; fileRef = 7DD784DB2B26187900D19CFB /* images-sample.json */; };
		7DD784DE2B26187900D19CFB /* extra-data-sample.json in Resources */ = {isa = PBXBuildFile; fileRef = 7DD784DC2B26187900D19CFB /* extra-data-sample.json */; };
		7DD784DF2B26188400D19CFB /* StubReader.swift in Sources */ = {isa = PBXBuildFile; fileRef = 7D52BF332B1D3F1D00D72761 /* StubReader.swift */; };
		7DD784E02B2618A300D19CFB /* Error+Ext.swift in Sources */ = {isa = PBXBuildFile; fileRef = 7D52BF372B1D454200D72761 /* Error+Ext.swift */; };
		7DD784E22B26190100D19CFB /* MockAPIService.swift in Sources */ = {isa = PBXBuildFile; fileRef = 7DD784E12B26190100D19CFB /* MockAPIService.swift */; };
		7DD784E32B261AF100D19CFB /* InfoItem.swift in Sources */ = {isa = PBXBuildFile; fileRef = 7DC64E6F2B197C6200B95B87 /* InfoItem.swift */; };
		7DD784E42B261B0200D19CFB /* Color+Ext.swift in Sources */ = {isa = PBXBuildFile; fileRef = 7DC64E722B197D2A00B95B87 /* Color+Ext.swift */; };
		7DD784E52B261B0600D19CFB /* Logger+Ext.swift in Sources */ = {isa = PBXBuildFile; fileRef = 7D52BF352B1D3FA500D72761 /* Logger+Ext.swift */; };
		7DD784E62B26298C00D19CFB /* extra-data-sample.json in Resources */ = {isa = PBXBuildFile; fileRef = 7DD784DC2B26187900D19CFB /* extra-data-sample.json */; };
		7DD784E72B26299000D19CFB /* images-sample.json in Resources */ = {isa = PBXBuildFile; fileRef = 7DD784DB2B26187900D19CFB /* images-sample.json */; };
		7DEAB96F2B16CDF3009AF0E8 /* ContentViewModel.swift in Sources */ = {isa = PBXBuildFile; fileRef = 7DEAB96E2B16CDF3009AF0E8 /* ContentViewModel.swift */; };
		7DEAB9702B16CDF3009AF0E8 /* ContentViewModel.swift in Sources */ = {isa = PBXBuildFile; fileRef = 7DEAB96E2B16CDF3009AF0E8 /* ContentViewModel.swift */; };
		7DEAB9732B16CE2A009AF0E8 /* ImageModel.swift in Sources */ = {isa = PBXBuildFile; fileRef = 7DEAB9722B16CE2A009AF0E8 /* ImageModel.swift */; };
		7DEAB9742B16CE2A009AF0E8 /* ImageModel.swift in Sources */ = {isa = PBXBuildFile; fileRef = 7DEAB9722B16CE2A009AF0E8 /* ImageModel.swift */; };
		7DEAB9762B16CE43009AF0E8 /* RemoteAssets.swift in Sources */ = {isa = PBXBuildFile; fileRef = 7DEAB9752B16CE43009AF0E8 /* RemoteAssets.swift */; };
		7DEAB9772B16CE43009AF0E8 /* RemoteAssets.swift in Sources */ = {isa = PBXBuildFile; fileRef = 7DEAB9752B16CE43009AF0E8 /* RemoteAssets.swift */; };
		7DEAB9792B16CE5F009AF0E8 /* SampleImagesResponse.swift in Sources */ = {isa = PBXBuildFile; fileRef = 7DEAB9782B16CE5F009AF0E8 /* SampleImagesResponse.swift */; };
		7DEAB97A2B16CE5F009AF0E8 /* SampleImagesResponse.swift in Sources */ = {isa = PBXBuildFile; fileRef = 7DEAB9782B16CE5F009AF0E8 /* SampleImagesResponse.swift */; };
		7DEAB97C2B16CFAE009AF0E8 /* ExtraDataResponse.swift in Sources */ = {isa = PBXBuildFile; fileRef = 7DEAB97B2B16CFAE009AF0E8 /* ExtraDataResponse.swift */; };
		7DEAB97D2B16CFAE009AF0E8 /* ExtraDataResponse.swift in Sources */ = {isa = PBXBuildFile; fileRef = 7DEAB97B2B16CFAE009AF0E8 /* ExtraDataResponse.swift */; };
/* End PBXBuildFile section */

/* Begin PBXContainerItemProxy section */
		7D5E48432B02784C009B5FB1 /* PBXContainerItemProxy */ = {
			isa = PBXContainerItemProxy;
			containerPortal = 7D5E482A2B02784A009B5FB1 /* Project object */;
			proxyType = 1;
			remoteGlobalIDString = 7D5E48312B02784A009B5FB1;
			remoteInfo = "TDD App";
		};
		7D5E484D2B02784C009B5FB1 /* PBXContainerItemProxy */ = {
			isa = PBXContainerItemProxy;
			containerPortal = 7D5E482A2B02784A009B5FB1 /* Project object */;
			proxyType = 1;
			remoteGlobalIDString = 7D5E48312B02784A009B5FB1;
			remoteInfo = "TDD App";
		};
/* End PBXContainerItemProxy section */

/* Begin PBXFileReference section */
		7D52BF332B1D3F1D00D72761 /* StubReader.swift */ = {isa = PBXFileReference; lastKnownFileType = sourcecode.swift; path = StubReader.swift; sourceTree = "<group>"; };
		7D52BF352B1D3FA500D72761 /* Logger+Ext.swift */ = {isa = PBXFileReference; lastKnownFileType = sourcecode.swift; path = "Logger+Ext.swift"; sourceTree = "<group>"; };
		7D52BF372B1D454200D72761 /* Error+Ext.swift */ = {isa = PBXFileReference; lastKnownFileType = sourcecode.swift; path = "Error+Ext.swift"; sourceTree = "<group>"; };
		7D5E48322B02784A009B5FB1 /* TDD App.app */ = {isa = PBXFileReference; explicitFileType = wrapper.application; includeInIndex = 0; path = "TDD App.app"; sourceTree = BUILT_PRODUCTS_DIR; };
		7D5E48352B02784A009B5FB1 /* TDD_AppApp.swift */ = {isa = PBXFileReference; lastKnownFileType = sourcecode.swift; path = TDD_AppApp.swift; sourceTree = "<group>"; };
		7D5E48372B02784A009B5FB1 /* ContentView.swift */ = {isa = PBXFileReference; lastKnownFileType = sourcecode.swift; path = ContentView.swift; sourceTree = "<group>"; };
		7D5E48392B02784B009B5FB1 /* Assets.xcassets */ = {isa = PBXFileReference; lastKnownFileType = folder.assetcatalog; path = Assets.xcassets; sourceTree = "<group>"; };
		7D5E483C2B02784B009B5FB1 /* Preview Assets.xcassets */ = {isa = PBXFileReference; lastKnownFileType = folder.assetcatalog; path = "Preview Assets.xcassets"; sourceTree = "<group>"; };
		7D5E48422B02784C009B5FB1 /* TDD AppTests.xctest */ = {isa = PBXFileReference; explicitFileType = wrapper.cfbundle; includeInIndex = 0; path = "TDD AppTests.xctest"; sourceTree = BUILT_PRODUCTS_DIR; };
		7D5E48462B02784C009B5FB1 /* TDD_AppTests.swift */ = {isa = PBXFileReference; lastKnownFileType = sourcecode.swift; path = TDD_AppTests.swift; sourceTree = "<group>"; };
		7D5E484C2B02784C009B5FB1 /* TDD AppUITests.xctest */ = {isa = PBXFileReference; explicitFileType = wrapper.cfbundle; includeInIndex = 0; path = "TDD AppUITests.xctest"; sourceTree = BUILT_PRODUCTS_DIR; };
		7D5E48502B02784C009B5FB1 /* TDD_AppUITests.swift */ = {isa = PBXFileReference; lastKnownFileType = sourcecode.swift; path = TDD_AppUITests.swift; sourceTree = "<group>"; };
		7D5E48522B02784C009B5FB1 /* TDD_AppUITestsLaunchTests.swift */ = {isa = PBXFileReference; lastKnownFileType = sourcecode.swift; path = TDD_AppUITestsLaunchTests.swift; sourceTree = "<group>"; };
		7D5E48602B0278CE009B5FB1 /* NetworkingService.swift */ = {isa = PBXFileReference; lastKnownFileType = sourcecode.swift; path = NetworkingService.swift; sourceTree = "<group>"; };
		7D5E48632B0278E4009B5FB1 /* RouterService.swift */ = {isa = PBXFileReference; lastKnownFileType = sourcecode.swift; path = RouterService.swift; sourceTree = "<group>"; };
		7D5E48662B027BC0009B5FB1 /* APIService.swift */ = {isa = PBXFileReference; lastKnownFileType = sourcecode.swift; path = APIService.swift; sourceTree = "<group>"; };
		7DA425092B0A815F00BD70A1 /* DetailsView.swift */ = {isa = PBXFileReference; lastKnownFileType = sourcecode.swift; path = DetailsView.swift; sourceTree = "<group>"; };
		7DC64E6F2B197C6200B95B87 /* InfoItem.swift */ = {isa = PBXFileReference; lastKnownFileType = sourcecode.swift; path = InfoItem.swift; sourceTree = "<group>"; };
		7DC64E722B197D2A00B95B87 /* Color+Ext.swift */ = {isa = PBXFileReference; lastKnownFileType = sourcecode.swift; path = "Color+Ext.swift"; sourceTree = "<group>"; };
		7DC64E742B1984E500B95B87 /* DetailsViewModel.swift */ = {isa = PBXFileReference; lastKnownFileType = sourcecode.swift; path = DetailsViewModel.swift; sourceTree = "<group>"; };
		7DD784DB2B26187900D19CFB /* images-sample.json */ = {isa = PBXFileReference; fileEncoding = 4; lastKnownFileType = text.json; path = "images-sample.json"; sourceTree = SOURCE_ROOT; };
		7DD784DC2B26187900D19CFB /* extra-data-sample.json */ = {isa = PBXFileReference; fileEncoding = 4; lastKnownFileType = text.json; path = "extra-data-sample.json"; sourceTree = SOURCE_ROOT; };
		7DD784E12B26190100D19CFB /* MockAPIService.swift */ = {isa = PBXFileReference; lastKnownFileType = sourcecode.swift; path = MockAPIService.swift; sourceTree = "<group>"; };
		7DEAB96E2B16CDF3009AF0E8 /* ContentViewModel.swift */ = {isa = PBXFileReference; lastKnownFileType = sourcecode.swift; path = ContentViewModel.swift; sourceTree = "<group>"; };
		7DEAB9722B16CE2A009AF0E8 /* ImageModel.swift */ = {isa = PBXFileReference; lastKnownFileType = sourcecode.swift; path = ImageModel.swift; sourceTree = "<group>"; };
		7DEAB9752B16CE43009AF0E8 /* RemoteAssets.swift */ = {isa = PBXFileReference; lastKnownFileType = sourcecode.swift; path = RemoteAssets.swift; sourceTree = "<group>"; };
		7DEAB9782B16CE5F009AF0E8 /* SampleImagesResponse.swift */ = {isa = PBXFileReference; lastKnownFileType = sourcecode.swift; path = SampleImagesResponse.swift; sourceTree = "<group>"; };
		7DEAB97B2B16CFAE009AF0E8 /* ExtraDataResponse.swift */ = {isa = PBXFileReference; lastKnownFileType = sourcecode.swift; path = ExtraDataResponse.swift; sourceTree = "<group>"; };
/* End PBXFileReference section */

/* Begin PBXFrameworksBuildPhase section */
		7D5E482F2B02784A009B5FB1 /* Frameworks */ = {
			isa = PBXFrameworksBuildPhase;
			buildActionMask = 2147483647;
			files = (
			);
			runOnlyForDeploymentPostprocessing = 0;
		};
		7D5E483F2B02784C009B5FB1 /* Frameworks */ = {
			isa = PBXFrameworksBuildPhase;
			buildActionMask = 2147483647;
			files = (
			);
			runOnlyForDeploymentPostprocessing = 0;
		};
		7D5E48492B02784C009B5FB1 /* Frameworks */ = {
			isa = PBXFrameworksBuildPhase;
			buildActionMask = 2147483647;
			files = (
			);
			runOnlyForDeploymentPostprocessing = 0;
		};
/* End PBXFrameworksBuildPhase section */

/* Begin PBXGroup section */
		7D5E48292B02784A009B5FB1 = {
			isa = PBXGroup;
			children = (
				7D5E48342B02784A009B5FB1 /* TDD App */,
				7D5E48452B02784C009B5FB1 /* TDD AppTests */,
				7D5E484F2B02784C009B5FB1 /* TDD AppUITests */,
				7D5E48332B02784A009B5FB1 /* Products */,
			);
			sourceTree = "<group>";
		};
		7D5E48332B02784A009B5FB1 /* Products */ = {
			isa = PBXGroup;
			children = (
				7D5E48322B02784A009B5FB1 /* TDD App.app */,
				7D5E48422B02784C009B5FB1 /* TDD AppTests.xctest */,
				7D5E484C2B02784C009B5FB1 /* TDD AppUITests.xctest */,
			);
			name = Products;
			sourceTree = "<group>";
		};
		7D5E48342B02784A009B5FB1 /* TDD App */ = {
			isa = PBXGroup;
			children = (
				7DD784DA2B26185400D19CFB /* Stubs */,
				7DC64E712B197D1600B95B87 /* Extensions */,
				7DEAB9712B16CE1A009AF0E8 /* Models */,
				7DEAB96D2B16CDD0009AF0E8 /* Views */,
				7D5E485F2B027899009B5FB1 /* Services */,
				7D5E48352B02784A009B5FB1 /* TDD_AppApp.swift */,
				7D5E48392B02784B009B5FB1 /* Assets.xcassets */,
				7D5E483B2B02784B009B5FB1 /* Preview Content */,
			);
			path = "TDD App";
			sourceTree = "<group>";
		};
		7D5E483B2B02784B009B5FB1 /* Preview Content */ = {
			isa = PBXGroup;
			children = (
				7D5E483C2B02784B009B5FB1 /* Preview Assets.xcassets */,
			);
			path = "Preview Content";
			sourceTree = "<group>";
		};
		7D5E48452B02784C009B5FB1 /* TDD AppTests */ = {
			isa = PBXGroup;
			children = (
				7D5E48462B02784C009B5FB1 /* TDD_AppTests.swift */,
			);
			path = "TDD AppTests";
			sourceTree = "<group>";
		};
		7D5E484F2B02784C009B5FB1 /* TDD AppUITests */ = {
			isa = PBXGroup;
			children = (
				7D5E48502B02784C009B5FB1 /* TDD_AppUITests.swift */,
				7D5E48522B02784C009B5FB1 /* TDD_AppUITestsLaunchTests.swift */,
			);
			path = "TDD AppUITests";
			sourceTree = "<group>";
		};
		7D5E485F2B027899009B5FB1 /* Services */ = {
			isa = PBXGroup;
			children = (
				7D5E48602B0278CE009B5FB1 /* NetworkingService.swift */,
				7D5E48632B0278E4009B5FB1 /* RouterService.swift */,
				7D5E48662B027BC0009B5FB1 /* APIService.swift */,
				7D52BF332B1D3F1D00D72761 /* StubReader.swift */,
				7DD784E12B26190100D19CFB /* MockAPIService.swift */,
			);
			path = Services;
			sourceTree = "<group>";
		};
		7DC64E712B197D1600B95B87 /* Extensions */ = {
			isa = PBXGroup;
			children = (
				7D52BF352B1D3FA500D72761 /* Logger+Ext.swift */,
				7DC64E722B197D2A00B95B87 /* Color+Ext.swift */,
				7D52BF372B1D454200D72761 /* Error+Ext.swift */,
			);
			path = Extensions;
			sourceTree = "<group>";
		};
		7DD784DA2B26185400D19CFB /* Stubs */ = {
			isa = PBXGroup;
			children = (
				7DD784DC2B26187900D19CFB /* extra-data-sample.json */,
				7DD784DB2B26187900D19CFB /* images-sample.json */,
			);
			path = Stubs;
			sourceTree = "<group>";
		};
		7DEAB96D2B16CDD0009AF0E8 /* Views */ = {
			isa = PBXGroup;
			children = (
				7D5E48372B02784A009B5FB1 /* ContentView.swift */,
				7DA425092B0A815F00BD70A1 /* DetailsView.swift */,
				7DC64E742B1984E500B95B87 /* DetailsViewModel.swift */,
				7DEAB96E2B16CDF3009AF0E8 /* ContentViewModel.swift */,
			);
			path = Views;
			sourceTree = "<group>";
		};
		7DEAB9712B16CE1A009AF0E8 /* Models */ = {
			isa = PBXGroup;
			children = (
				7DEAB9722B16CE2A009AF0E8 /* ImageModel.swift */,
				7DEAB9752B16CE43009AF0E8 /* RemoteAssets.swift */,
				7DC64E6F2B197C6200B95B87 /* InfoItem.swift */,
				7DEAB9782B16CE5F009AF0E8 /* SampleImagesResponse.swift */,
				7DEAB97B2B16CFAE009AF0E8 /* ExtraDataResponse.swift */,
			);
			path = Models;
			sourceTree = "<group>";
		};
/* End PBXGroup section */

/* Begin PBXNativeTarget section */
		7D5E48312B02784A009B5FB1 /* TDD App */ = {
			isa = PBXNativeTarget;
			buildConfigurationList = 7D5E48562B02784C009B5FB1 /* Build configuration list for PBXNativeTarget "TDD App" */;
			buildPhases = (
				7D5E482E2B02784A009B5FB1 /* Sources */,
				7D5E482F2B02784A009B5FB1 /* Frameworks */,
				7D5E48302B02784A009B5FB1 /* Resources */,
			);
			buildRules = (
			);
			dependencies = (
			);
			name = "TDD App";
			productName = "TDD App";
			productReference = 7D5E48322B02784A009B5FB1 /* TDD App.app */;
			productType = "com.apple.product-type.application";
		};
		7D5E48412B02784C009B5FB1 /* TDD AppTests */ = {
			isa = PBXNativeTarget;
			buildConfigurationList = 7D5E48592B02784C009B5FB1 /* Build configuration list for PBXNativeTarget "TDD AppTests" */;
			buildPhases = (
				7D5E483E2B02784C009B5FB1 /* Sources */,
				7D5E483F2B02784C009B5FB1 /* Frameworks */,
				7D5E48402B02784C009B5FB1 /* Resources */,
			);
			buildRules = (
			);
			dependencies = (
				7D5E48442B02784C009B5FB1 /* PBXTargetDependency */,
			);
			name = "TDD AppTests";
			productName = "TDD AppTests";
			productReference = 7D5E48422B02784C009B5FB1 /* TDD AppTests.xctest */;
			productType = "com.apple.product-type.bundle.unit-test";
		};
		7D5E484B2B02784C009B5FB1 /* TDD AppUITests */ = {
			isa = PBXNativeTarget;
			buildConfigurationList = 7D5E485C2B02784C009B5FB1 /* Build configuration list for PBXNativeTarget "TDD AppUITests" */;
			buildPhases = (
				7D5E48482B02784C009B5FB1 /* Sources */,
				7D5E48492B02784C009B5FB1 /* Frameworks */,
				7D5E484A2B02784C009B5FB1 /* Resources */,
			);
			buildRules = (
			);
			dependencies = (
				7D5E484E2B02784C009B5FB1 /* PBXTargetDependency */,
			);
			name = "TDD AppUITests";
			productName = "TDD AppUITests";
			productReference = 7D5E484C2B02784C009B5FB1 /* TDD AppUITests.xctest */;
			productType = "com.apple.product-type.bundle.ui-testing";
		};
/* End PBXNativeTarget section */

/* Begin PBXProject section */
		7D5E482A2B02784A009B5FB1 /* Project object */ = {
			isa = PBXProject;
			attributes = {
				BuildIndependentTargetsInParallel = 1;
				LastSwiftUpdateCheck = 1500;
				LastUpgradeCheck = 1500;
				TargetAttributes = {
					7D5E48312B02784A009B5FB1 = {
						CreatedOnToolsVersion = 15.0.1;
					};
					7D5E48412B02784C009B5FB1 = {
						CreatedOnToolsVersion = 15.0.1;
						TestTargetID = 7D5E48312B02784A009B5FB1;
					};
					7D5E484B2B02784C009B5FB1 = {
						CreatedOnToolsVersion = 15.0.1;
						TestTargetID = 7D5E48312B02784A009B5FB1;
					};
				};
			};
			buildConfigurationList = 7D5E482D2B02784A009B5FB1 /* Build configuration list for PBXProject "TDD App" */;
			compatibilityVersion = "Xcode 14.0";
			developmentRegion = en;
			hasScannedForEncodings = 0;
			knownRegions = (
				en,
				Base,
			);
			mainGroup = 7D5E48292B02784A009B5FB1;
			productRefGroup = 7D5E48332B02784A009B5FB1 /* Products */;
			projectDirPath = "";
			projectRoot = "";
			targets = (
				7D5E48312B02784A009B5FB1 /* TDD App */,
				7D5E48412B02784C009B5FB1 /* TDD AppTests */,
				7D5E484B2B02784C009B5FB1 /* TDD AppUITests */,
			);
		};
/* End PBXProject section */

/* Begin PBXResourcesBuildPhase section */
		7D5E48302B02784A009B5FB1 /* Resources */ = {
			isa = PBXResourcesBuildPhase;
			buildActionMask = 2147483647;
			files = (
				7D5E483D2B02784B009B5FB1 /* Preview Assets.xcassets in Resources */,
				7DD784E62B26298C00D19CFB /* extra-data-sample.json in Resources */,
				7D5E483A2B02784B009B5FB1 /* Assets.xcassets in Resources */,
				7DD784E72B26299000D19CFB /* images-sample.json in Resources */,
			);
			runOnlyForDeploymentPostprocessing = 0;
		};
		7D5E48402B02784C009B5FB1 /* Resources */ = {
			isa = PBXResourcesBuildPhase;
			buildActionMask = 2147483647;
			files = (
				7DD784DE2B26187900D19CFB /* extra-data-sample.json in Resources */,
				7DD784DD2B26187900D19CFB /* images-sample.json in Resources */,
			);
			runOnlyForDeploymentPostprocessing = 0;
		};
		7D5E484A2B02784C009B5FB1 /* Resources */ = {
			isa = PBXResourcesBuildPhase;
			buildActionMask = 2147483647;
			files = (
			);
			runOnlyForDeploymentPostprocessing = 0;
		};
/* End PBXResourcesBuildPhase section */

/* Begin PBXSourcesBuildPhase section */
		7D5E482E2B02784A009B5FB1 /* Sources */ = {
			isa = PBXSourcesBuildPhase;
			buildActionMask = 2147483647;
			files = (
				7DEAB9792B16CE5F009AF0E8 /* SampleImagesResponse.swift in Sources */,
				7D5E48642B0278E4009B5FB1 /* RouterService.swift in Sources */,
				7D5E48672B027BC0009B5FB1 /* APIService.swift in Sources */,
				7D5E48612B0278CE009B5FB1 /* NetworkingService.swift in Sources */,
				7DC64E732B197D2A00B95B87 /* Color+Ext.swift in Sources */,
				7DEAB97C2B16CFAE009AF0E8 /* ExtraDataResponse.swift in Sources */,
				7D52BF362B1D3FA500D72761 /* Logger+Ext.swift in Sources */,
				7DEAB96F2B16CDF3009AF0E8 /* ContentViewModel.swift in Sources */,
				7DA4250A2B0A815F00BD70A1 /* DetailsView.swift in Sources */,
				7D5E48382B02784A009B5FB1 /* ContentView.swift in Sources */,
				7DC64E702B197C6200B95B87 /* InfoItem.swift in Sources */,
				7D5E48362B02784A009B5FB1 /* TDD_AppApp.swift in Sources */,
				7DC64E752B1984E500B95B87 /* DetailsViewModel.swift in Sources */,
				7DEAB9762B16CE43009AF0E8 /* RemoteAssets.swift in Sources */,
				7DEAB9732B16CE2A009AF0E8 /* ImageModel.swift in Sources */,
			);
			runOnlyForDeploymentPostprocessing = 0;
		};
		7D5E483E2B02784C009B5FB1 /* Sources */ = {
			isa = PBXSourcesBuildPhase;
			buildActionMask = 2147483647;
			files = (
				7DD784E02B2618A300D19CFB /* Error+Ext.swift in Sources */,
				7D5E48472B02784C009B5FB1 /* TDD_AppTests.swift in Sources */,
				7DEAB9742B16CE2A009AF0E8 /* ImageModel.swift in Sources */,
				7DD784DF2B26188400D19CFB /* StubReader.swift in Sources */,
				7DD784E32B261AF100D19CFB /* InfoItem.swift in Sources */,
				7D5E48622B0278CE009B5FB1 /* NetworkingService.swift in Sources */,
				7DEAB97D2B16CFAE009AF0E8 /* ExtraDataResponse.swift in Sources */,
				7DD784E52B261B0600D19CFB /* Logger+Ext.swift in Sources */,
				7DEAB9772B16CE43009AF0E8 /* RemoteAssets.swift in Sources */,
				7DEAB97A2B16CE5F009AF0E8 /* SampleImagesResponse.swift in Sources */,
				7D5E48682B027BC0009B5FB1 /* APIService.swift in Sources */,
				7DC64E762B1984E500B95B87 /* DetailsViewModel.swift in Sources */,
				7D5E48652B0278E4009B5FB1 /* RouterService.swift in Sources */,
				7DEAB9702B16CDF3009AF0E8 /* ContentViewModel.swift in Sources */,
				7DD784E22B26190100D19CFB /* MockAPIService.swift in Sources */,
				7DD784E42B261B0200D19CFB /* Color+Ext.swift in Sources */,
			);
			runOnlyForDeploymentPostprocessing = 0;
		};
		7D5E48482B02784C009B5FB1 /* Sources */ = {
			isa = PBXSourcesBuildPhase;
			buildActionMask = 2147483647;
			files = (
				7D5E48512B02784C009B5FB1 /* TDD_AppUITests.swift in Sources */,
				7D5E48532B02784C009B5FB1 /* TDD_AppUITestsLaunchTests.swift in Sources */,
			);
			runOnlyForDeploymentPostprocessing = 0;
		};
/* End PBXSourcesBuildPhase section */

/* Begin PBXTargetDependency section */
		7D5E48442B02784C009B5FB1 /* PBXTargetDependency */ = {
			isa = PBXTargetDependency;
			target = 7D5E48312B02784A009B5FB1 /* TDD App */;
			targetProxy = 7D5E48432B02784C009B5FB1 /* PBXContainerItemProxy */;
		};
		7D5E484E2B02784C009B5FB1 /* PBXTargetDependency */ = {
			isa = PBXTargetDependency;
			target = 7D5E48312B02784A009B5FB1 /* TDD App */;
			targetProxy = 7D5E484D2B02784C009B5FB1 /* PBXContainerItemProxy */;
		};
/* End PBXTargetDependency section */

/* Begin XCBuildConfiguration section */
		7D5E48542B02784C009B5FB1 /* Debug */ = {
			isa = XCBuildConfiguration;
			buildSettings = {
				ALWAYS_SEARCH_USER_PATHS = NO;
				ASSETCATALOG_COMPILER_GENERATE_SWIFT_ASSET_SYMBOL_EXTENSIONS = YES;
				CLANG_ANALYZER_NONNULL = YES;
				CLANG_ANALYZER_NUMBER_OBJECT_CONVERSION = YES_AGGRESSIVE;
				CLANG_CXX_LANGUAGE_STANDARD = "gnu++20";
				CLANG_ENABLE_MODULES = YES;
				CLANG_ENABLE_OBJC_ARC = YES;
				CLANG_ENABLE_OBJC_WEAK = YES;
				CLANG_WARN_BLOCK_CAPTURE_AUTORELEASING = YES;
				CLANG_WARN_BOOL_CONVERSION = YES;
				CLANG_WARN_COMMA = YES;
				CLANG_WARN_CONSTANT_CONVERSION = YES;
				CLANG_WARN_DEPRECATED_OBJC_IMPLEMENTATIONS = YES;
				CLANG_WARN_DIRECT_OBJC_ISA_USAGE = YES_ERROR;
				CLANG_WARN_DOCUMENTATION_COMMENTS = YES;
				CLANG_WARN_EMPTY_BODY = YES;
				CLANG_WARN_ENUM_CONVERSION = YES;
				CLANG_WARN_INFINITE_RECURSION = YES;
				CLANG_WARN_INT_CONVERSION = YES;
				CLANG_WARN_NON_LITERAL_NULL_CONVERSION = YES;
				CLANG_WARN_OBJC_IMPLICIT_RETAIN_SELF = YES;
				CLANG_WARN_OBJC_LITERAL_CONVERSION = YES;
				CLANG_WARN_OBJC_ROOT_CLASS = YES_ERROR;
				CLANG_WARN_QUOTED_INCLUDE_IN_FRAMEWORK_HEADER = YES;
				CLANG_WARN_RANGE_LOOP_ANALYSIS = YES;
				CLANG_WARN_STRICT_PROTOTYPES = YES;
				CLANG_WARN_SUSPICIOUS_MOVE = YES;
				CLANG_WARN_UNGUARDED_AVAILABILITY = YES_AGGRESSIVE;
				CLANG_WARN_UNREACHABLE_CODE = YES;
				CLANG_WARN__DUPLICATE_METHOD_MATCH = YES;
				COPY_PHASE_STRIP = NO;
				DEBUG_INFORMATION_FORMAT = dwarf;
				ENABLE_STRICT_OBJC_MSGSEND = YES;
				ENABLE_TESTABILITY = YES;
				ENABLE_USER_SCRIPT_SANDBOXING = YES;
				GCC_C_LANGUAGE_STANDARD = gnu17;
				GCC_DYNAMIC_NO_PIC = NO;
				GCC_NO_COMMON_BLOCKS = YES;
				GCC_OPTIMIZATION_LEVEL = 0;
				GCC_PREPROCESSOR_DEFINITIONS = (
					"DEBUG=1",
					"$(inherited)",
				);
				GCC_WARN_64_TO_32_BIT_CONVERSION = YES;
				GCC_WARN_ABOUT_RETURN_TYPE = YES_ERROR;
				GCC_WARN_UNDECLARED_SELECTOR = YES;
				GCC_WARN_UNINITIALIZED_AUTOS = YES_AGGRESSIVE;
				GCC_WARN_UNUSED_FUNCTION = YES;
				GCC_WARN_UNUSED_VARIABLE = YES;
				IPHONEOS_DEPLOYMENT_TARGET = 17.0;
				LOCALIZATION_PREFERS_STRING_CATALOGS = YES;
				MTL_ENABLE_DEBUG_INFO = INCLUDE_SOURCE;
				MTL_FAST_MATH = YES;
				ONLY_ACTIVE_ARCH = YES;
				SDKROOT = iphoneos;
				SWIFT_ACTIVE_COMPILATION_CONDITIONS = "DEBUG $(inherited)";
				SWIFT_OPTIMIZATION_LEVEL = "-Onone";
			};
			name = Debug;
		};
		7D5E48552B02784C009B5FB1 /* Release */ = {
			isa = XCBuildConfiguration;
			buildSettings = {
				ALWAYS_SEARCH_USER_PATHS = NO;
				ASSETCATALOG_COMPILER_GENERATE_SWIFT_ASSET_SYMBOL_EXTENSIONS = YES;
				CLANG_ANALYZER_NONNULL = YES;
				CLANG_ANALYZER_NUMBER_OBJECT_CONVERSION = YES_AGGRESSIVE;
				CLANG_CXX_LANGUAGE_STANDARD = "gnu++20";
				CLANG_ENABLE_MODULES = YES;
				CLANG_ENABLE_OBJC_ARC = YES;
				CLANG_ENABLE_OBJC_WEAK = YES;
				CLANG_WARN_BLOCK_CAPTURE_AUTORELEASING = YES;
				CLANG_WARN_BOOL_CONVERSION = YES;
				CLANG_WARN_COMMA = YES;
				CLANG_WARN_CONSTANT_CONVERSION = YES;
				CLANG_WARN_DEPRECATED_OBJC_IMPLEMENTATIONS = YES;
				CLANG_WARN_DIRECT_OBJC_ISA_USAGE = YES_ERROR;
				CLANG_WARN_DOCUMENTATION_COMMENTS = YES;
				CLANG_WARN_EMPTY_BODY = YES;
				CLANG_WARN_ENUM_CONVERSION = YES;
				CLANG_WARN_INFINITE_RECURSION = YES;
				CLANG_WARN_INT_CONVERSION = YES;
				CLANG_WARN_NON_LITERAL_NULL_CONVERSION = YES;
				CLANG_WARN_OBJC_IMPLICIT_RETAIN_SELF = YES;
				CLANG_WARN_OBJC_LITERAL_CONVERSION = YES;
				CLANG_WARN_OBJC_ROOT_CLASS = YES_ERROR;
				CLANG_WARN_QUOTED_INCLUDE_IN_FRAMEWORK_HEADER = YES;
				CLANG_WARN_RANGE_LOOP_ANALYSIS = YES;
				CLANG_WARN_STRICT_PROTOTYPES = YES;
				CLANG_WARN_SUSPICIOUS_MOVE = YES;
				CLANG_WARN_UNGUARDED_AVAILABILITY = YES_AGGRESSIVE;
				CLANG_WARN_UNREACHABLE_CODE = YES;
				CLANG_WARN__DUPLICATE_METHOD_MATCH = YES;
				COPY_PHASE_STRIP = NO;
				DEBUG_INFORMATION_FORMAT = "dwarf-with-dsym";
				ENABLE_NS_ASSERTIONS = NO;
				ENABLE_STRICT_OBJC_MSGSEND = YES;
				ENABLE_USER_SCRIPT_SANDBOXING = YES;
				GCC_C_LANGUAGE_STANDARD = gnu17;
				GCC_NO_COMMON_BLOCKS = YES;
				GCC_WARN_64_TO_32_BIT_CONVERSION = YES;
				GCC_WARN_ABOUT_RETURN_TYPE = YES_ERROR;
				GCC_WARN_UNDECLARED_SELECTOR = YES;
				GCC_WARN_UNINITIALIZED_AUTOS = YES_AGGRESSIVE;
				GCC_WARN_UNUSED_FUNCTION = YES;
				GCC_WARN_UNUSED_VARIABLE = YES;
				IPHONEOS_DEPLOYMENT_TARGET = 17.0;
				LOCALIZATION_PREFERS_STRING_CATALOGS = YES;
				MTL_ENABLE_DEBUG_INFO = NO;
				MTL_FAST_MATH = YES;
				SDKROOT = iphoneos;
				SWIFT_COMPILATION_MODE = wholemodule;
				VALIDATE_PRODUCT = YES;
			};
			name = Release;
		};
		7D5E48572B02784C009B5FB1 /* Debug */ = {
			isa = XCBuildConfiguration;
			buildSettings = {
				ASSETCATALOG_COMPILER_APPICON_NAME = AppIcon;
				ASSETCATALOG_COMPILER_GLOBAL_ACCENT_COLOR_NAME = AccentColor;
				CODE_SIGN_STYLE = Automatic;
				CURRENT_PROJECT_VERSION = 1;
				DEVELOPMENT_ASSET_PATHS = "\"TDD App/Preview Content\"";
				DEVELOPMENT_TEAM = 36LVHWE756;
				ENABLE_PREVIEWS = YES;
				GENERATE_INFOPLIST_FILE = YES;
				INFOPLIST_KEY_UIApplicationSceneManifest_Generation = YES;
				INFOPLIST_KEY_UIApplicationSupportsIndirectInputEvents = YES;
				INFOPLIST_KEY_UILaunchScreen_Generation = YES;
				INFOPLIST_KEY_UISupportedInterfaceOrientations_iPad = "UIInterfaceOrientationPortrait UIInterfaceOrientationPortraitUpsideDown UIInterfaceOrientationLandscapeLeft UIInterfaceOrientationLandscapeRight";
				INFOPLIST_KEY_UISupportedInterfaceOrientations_iPhone = "UIInterfaceOrientationPortrait UIInterfaceOrientationLandscapeLeft UIInterfaceOrientationLandscapeRight";
				LD_RUNPATH_SEARCH_PATHS = (
					"$(inherited)",
					"@executable_path/Frameworks",
				);
				MARKETING_VERSION = 1.0;
				PRODUCT_BUNDLE_IDENTIFIER = "com.maysam.tdd.TDD-App";
				PRODUCT_NAME = "$(TARGET_NAME)";
				SWIFT_EMIT_LOC_STRINGS = YES;
				SWIFT_VERSION = 5.0;
				TARGETED_DEVICE_FAMILY = "1,2";
			};
			name = Debug;
		};
		7D5E48582B02784C009B5FB1 /* Release */ = {
			isa = XCBuildConfiguration;
			buildSettings = {
				ASSETCATALOG_COMPILER_APPICON_NAME = AppIcon;
				ASSETCATALOG_COMPILER_GLOBAL_ACCENT_COLOR_NAME = AccentColor;
				CODE_SIGN_STYLE = Automatic;
				CURRENT_PROJECT_VERSION = 1;
				DEVELOPMENT_ASSET_PATHS = "\"TDD App/Preview Content\"";
				DEVELOPMENT_TEAM = 36LVHWE756;
				ENABLE_PREVIEWS = YES;
				GENERATE_INFOPLIST_FILE = YES;
				INFOPLIST_KEY_UIApplicationSceneManifest_Generation = YES;
				INFOPLIST_KEY_UIApplicationSupportsIndirectInputEvents = YES;
				INFOPLIST_KEY_UILaunchScreen_Generation = YES;
				INFOPLIST_KEY_UISupportedInterfaceOrientations_iPad = "UIInterfaceOrientationPortrait UIInterfaceOrientationPortraitUpsideDown UIInterfaceOrientationLandscapeLeft UIInterfaceOrientationLandscapeRight";
				INFOPLIST_KEY_UISupportedInterfaceOrientations_iPhone = "UIInterfaceOrientationPortrait UIInterfaceOrientationLandscapeLeft UIInterfaceOrientationLandscapeRight";
				LD_RUNPATH_SEARCH_PATHS = (
					"$(inherited)",
					"@executable_path/Frameworks",
				);
				MARKETING_VERSION = 1.0;
				PRODUCT_BUNDLE_IDENTIFIER = "com.maysam.tdd.TDD-App";
				PRODUCT_NAME = "$(TARGET_NAME)";
				SWIFT_EMIT_LOC_STRINGS = YES;
				SWIFT_VERSION = 5.0;
				TARGETED_DEVICE_FAMILY = "1,2";
			};
			name = Release;
		};
		7D5E485A2B02784C009B5FB1 /* Debug */ = {
			isa = XCBuildConfiguration;
			buildSettings = {
				ALWAYS_EMBED_SWIFT_STANDARD_LIBRARIES = YES;
				BUNDLE_LOADER = "$(TEST_HOST)";
				CODE_SIGN_STYLE = Automatic;
				CURRENT_PROJECT_VERSION = 1;
				DEVELOPMENT_TEAM = 36LVHWE756;
				GENERATE_INFOPLIST_FILE = YES;
				IPHONEOS_DEPLOYMENT_TARGET = 17.0;
				MARKETING_VERSION = 1.0;
				PRODUCT_BUNDLE_IDENTIFIER = "com.maysam.tdd.TDD-AppTests";
				PRODUCT_NAME = "$(TARGET_NAME)";
				SWIFT_EMIT_LOC_STRINGS = NO;
				SWIFT_VERSION = 5.0;
				TARGETED_DEVICE_FAMILY = "1,2";
				TEST_HOST = "$(BUILT_PRODUCTS_DIR)/TDD App.app/$(BUNDLE_EXECUTABLE_FOLDER_PATH)/TDD App";
			};
			name = Debug;
		};
		7D5E485B2B02784C009B5FB1 /* Release */ = {
			isa = XCBuildConfiguration;
			buildSettings = {
				ALWAYS_EMBED_SWIFT_STANDARD_LIBRARIES = YES;
				BUNDLE_LOADER = "$(TEST_HOST)";
				CODE_SIGN_STYLE = Automatic;
				CURRENT_PROJECT_VERSION = 1;
				DEVELOPMENT_TEAM = 36LVHWE756;
				GENERATE_INFOPLIST_FILE = YES;
				IPHONEOS_DEPLOYMENT_TARGET = 17.0;
				MARKETING_VERSION = 1.0;
				PRODUCT_BUNDLE_IDENTIFIER = "com.maysam.tdd.TDD-AppTests";
				PRODUCT_NAME = "$(TARGET_NAME)";
				SWIFT_EMIT_LOC_STRINGS = NO;
				SWIFT_VERSION = 5.0;
				TARGETED_DEVICE_FAMILY = "1,2";
				TEST_HOST = "$(BUILT_PRODUCTS_DIR)/TDD App.app/$(BUNDLE_EXECUTABLE_FOLDER_PATH)/TDD App";
			};
			name = Release;
		};
		7D5E485D2B02784C009B5FB1 /* Debug */ = {
			isa = XCBuildConfiguration;
			buildSettings = {
				ALWAYS_EMBED_SWIFT_STANDARD_LIBRARIES = YES;
				CODE_SIGN_STYLE = Automatic;
				CURRENT_PROJECT_VERSION = 1;
				DEVELOPMENT_TEAM = 36LVHWE756;
				GENERATE_INFOPLIST_FILE = YES;
				MARKETING_VERSION = 1.0;
				PRODUCT_BUNDLE_IDENTIFIER = "com.maysam.tdd.TDD-AppUITests";
				PRODUCT_NAME = "$(TARGET_NAME)";
				SWIFT_EMIT_LOC_STRINGS = NO;
				SWIFT_VERSION = 5.0;
				TARGETED_DEVICE_FAMILY = "1,2";
				TEST_TARGET_NAME = "TDD App";
			};
			name = Debug;
		};
		7D5E485E2B02784C009B5FB1 /* Release */ = {
			isa = XCBuildConfiguration;
			buildSettings = {
				ALWAYS_EMBED_SWIFT_STANDARD_LIBRARIES = YES;
				CODE_SIGN_STYLE = Automatic;
				CURRENT_PROJECT_VERSION = 1;
				DEVELOPMENT_TEAM = 36LVHWE756;
				GENERATE_INFOPLIST_FILE = YES;
				MARKETING_VERSION = 1.0;
				PRODUCT_BUNDLE_IDENTIFIER = "com.maysam.tdd.TDD-AppUITests";
				PRODUCT_NAME = "$(TARGET_NAME)";
				SWIFT_EMIT_LOC_STRINGS = NO;
				SWIFT_VERSION = 5.0;
				TARGETED_DEVICE_FAMILY = "1,2";
				TEST_TARGET_NAME = "TDD App";
			};
			name = Release;
		};
/* End XCBuildConfiguration section */

/* Begin XCConfigurationList section */
		7D5E482D2B02784A009B5FB1 /* Build configuration list for PBXProject "TDD App" */ = {
			isa = XCConfigurationList;
			buildConfigurations = (
				7D5E48542B02784C009B5FB1 /* Debug */,
				7D5E48552B02784C009B5FB1 /* Release */,
			);
			defaultConfigurationIsVisible = 0;
			defaultConfigurationName = Release;
		};
		7D5E48562B02784C009B5FB1 /* Build configuration list for PBXNativeTarget "TDD App" */ = {
			isa = XCConfigurationList;
			buildConfigurations = (
				7D5E48572B02784C009B5FB1 /* Debug */,
				7D5E48582B02784C009B5FB1 /* Release */,
			);
			defaultConfigurationIsVisible = 0;
			defaultConfigurationName = Release;
		};
		7D5E48592B02784C009B5FB1 /* Build configuration list for PBXNativeTarget "TDD AppTests" */ = {
			isa = XCConfigurationList;
			buildConfigurations = (
				7D5E485A2B02784C009B5FB1 /* Debug */,
				7D5E485B2B02784C009B5FB1 /* Release */,
			);
			defaultConfigurationIsVisible = 0;
			defaultConfigurationName = Release;
		};
		7D5E485C2B02784C009B5FB1 /* Build configuration list for PBXNativeTarget "TDD AppUITests" */ = {
			isa = XCConfigurationList;
			buildConfigurations = (
				7D5E485D2B02784C009B5FB1 /* Debug */,
				7D5E485E2B02784C009B5FB1 /* Release */,
			);
			defaultConfigurationIsVisible = 0;
			defaultConfigurationName = Release;
		};
/* End XCConfigurationList section */
	};
	rootObject = 7D5E482A2B02784A009B5FB1 /* Project object */;
}
